
Microsoft Visual Studio Solution File, Format Version 12.00
# Visual Studio Version 17
VisualStudioVersion = 17.11.35327.3
MinimumVisualStudioVersion = 10.0.40219.1
Project("{9A19103F-16F7-4668-BE54-9A1E7A4F7556}") = "CommonReg.API", "CommonRegProject\CommonReg.API.csproj", "{C650484B-7530-4A17-8C47-E13F618F6F48}"
EndProject
Project("{9A19103F-16F7-4668-BE54-9A1E7A4F7556}") = "CommonReg.MigrationRunner", "CommnReg.MigrationRunner\CommonReg.MigrationRunner.csproj", "{9ADB64C1-B6B7-41F8-BCC9-17BE8106D1C2}"
EndProject
Project("{9A19103F-16F7-4668-BE54-9A1E7A4F7556}") = "CommonReg.DAL", "CommonReg.DAL\CommonReg.DAL.csproj", "{7532E52B-9997-4B5C-9378-26354AB486A1}"
EndProject
Project("{9A19103F-16F7-4668-BE54-9A1E7A4F7556}") = "CommonReg.BLL", "CommonReg.BLL\CommonReg.BLL.csproj", "{17DEE21E-3264-4F59-876C-AFB125BA7B32}"
	ProjectSection(ProjectDependencies) = postProject
		{7532E52B-9997-4B5C-9378-26354AB486A1} = {7532E52B-9997-4B5C-9378-26354AB486A1}
		{9697C595-9346-41AE-AE5E-E90B396EEAE4} = {9697C595-9346-41AE-AE5E-E90B396EEAE4}
	EndProjectSection
EndProject
Project("{9A19103F-16F7-4668-BE54-9A1E7A4F7556}") = "CommonReg.Common", "CommonReg.Common\CommonReg.Common.csproj", "{27EE9C58-9B93-4FEE-BE76-3982061CBA2B}"
EndProject
Project("{9A19103F-16F7-4668-BE54-9A1E7A4F7556}") = "CommonReg.EmailSender", "CommonReg.EmailSender\CommonReg.EmailSender.csproj", "{9697C595-9346-41AE-AE5E-E90B396EEAE4}"
EndProject
Global
	GlobalSection(SolutionConfigurationPlatforms) = preSolution
		Debug|Any CPU = Debug|Any CPU
		Release|Any CPU = Release|Any CPU
	EndGlobalSection
	GlobalSection(ProjectConfigurationPlatforms) = postSolution
		{C650484B-7530-4A17-8C47-E13F618F6F48}.Debug|Any CPU.ActiveCfg = Debug|Any CPU
		{C650484B-7530-4A17-8C47-E13F618F6F48}.Debug|Any CPU.Build.0 = Debug|Any CPU
		{C650484B-7530-4A17-8C47-E13F618F6F48}.Release|Any CPU.ActiveCfg = Release|Any CPU
		{C650484B-7530-4A17-8C47-E13F618F6F48}.Release|Any CPU.Build.0 = Release|Any CPU
		{9ADB64C1-B6B7-41F8-BCC9-17BE8106D1C2}.Debug|Any CPU.ActiveCfg = Debug|Any CPU
		{9ADB64C1-B6B7-41F8-BCC9-17BE8106D1C2}.Debug|Any CPU.Build.0 = Debug|Any CPU
		{9ADB64C1-B6B7-41F8-BCC9-17BE8106D1C2}.Release|Any CPU.ActiveCfg = Release|Any CPU
		{9ADB64C1-B6B7-41F8-BCC9-17BE8106D1C2}.Release|Any CPU.Build.0 = Release|Any CPU
		{7532E52B-9997-4B5C-9378-26354AB486A1}.Debug|Any CPU.ActiveCfg = Debug|Any CPU
		{7532E52B-9997-4B5C-9378-26354AB486A1}.Debug|Any CPU.Build.0 = Debug|Any CPU
		{7532E52B-9997-4B5C-9378-26354AB486A1}.Release|Any CPU.ActiveCfg = Release|Any CPU
		{7532E52B-9997-4B5C-9378-26354AB486A1}.Release|Any CPU.Build.0 = Release|Any CPU
		{17DEE21E-3264-4F59-876C-AFB125BA7B32}.Debug|Any CPU.ActiveCfg = Debug|Any CPU
		{17DEE21E-3264-4F59-876C-AFB125BA7B32}.Debug|Any CPU.Build.0 = Debug|Any CPU
		{17DEE21E-3264-4F59-876C-AFB125BA7B32}.Release|Any CPU.ActiveCfg = Release|Any CPU
		{17DEE21E-3264-4F59-876C-AFB125BA7B32}.Release|Any CPU.Build.0 = Release|Any CPU
		{27EE9C58-9B93-4FEE-BE76-3982061CBA2B}.Debug|Any CPU.ActiveCfg = Debug|Any CPU
		{27EE9C58-9B93-4FEE-BE76-3982061CBA2B}.Debug|Any CPU.Build.0 = Debug|Any CPU
		{27EE9C58-9B93-4FEE-BE76-3982061CBA2B}.Release|Any CPU.ActiveCfg = Release|Any CPU
		{27EE9C58-9B93-4FEE-BE76-3982061CBA2B}.Release|Any CPU.Build.0 = Release|Any CPU
		{9697C595-9346-41AE-AE5E-E90B396EEAE4}.Debug|Any CPU.ActiveCfg = Debug|Any CPU
		{9697C595-9346-41AE-AE5E-E90B396EEAE4}.Debug|Any CPU.Build.0 = Debug|Any CPU
		{9697C595-9346-41AE-AE5E-E90B396EEAE4}.Release|Any CPU.ActiveCfg = Release|Any CPU
		{9697C595-9346-41AE-AE5E-E90B396EEAE4}.Release|Any CPU.Build.0 = Release|Any CPU
	EndGlobalSection
	GlobalSection(SolutionProperties) = preSolution
		HideSolutionNode = FALSE
	EndGlobalSection
	GlobalSection(ExtensibilityGlobals) = postSolution
		SolutionGuid = {9FE317A6-CB00-4929-8411-E59FE0A08756}
	EndGlobalSection
EndGlobal
